
Microsoft Visual Studio Solution File, Format Version 12.00
# Visual Studio Version 17
VisualStudioVersion = 17.4.33110.190
MinimumVisualStudioVersion = 10.0.40219.1
Project("{9A19103F-16F7-4668-BE54-9A1E7A4F7556}") = "MVCWebUI", "MVCWebUI\MVCWebUI.csproj", "{0F9642A2-E2B5-435C-BBC8-7A5C6DDF33EA}"
EndProject
Project("{9A19103F-16F7-4668-BE54-9A1E7A4F7556}") = "AppCore", "AppCore\AppCore.csproj", "{7A694DF3-4B03-43E6-B137-CDF9689F1839}"
EndProject
Project("{9A19103F-16F7-4668-BE54-9A1E7A4F7556}") = "DataAccess", "DataAccess\DataAccess.csproj", "{3FCAC598-ED96-49A0-BCE0-66FA8080865F}"
EndProject
Project("{FAE04EC0-301F-11D3-BF4B-00C04F79EFBC}") = "Business", "Business\Business.csproj", "{F30DE224-A881-49AE-8774-9F9D41DA5689}"
EndProject
Global
	GlobalSection(SolutionConfigurationPlatforms) = preSolution
		Debug|Any CPU = Debug|Any CPU
		Release|Any CPU = Release|Any CPU
	EndGlobalSection
	GlobalSection(ProjectConfigurationPlatforms) = postSolution
		{0F9642A2-E2B5-435C-BBC8-7A5C6DDF33EA}.Debug|Any CPU.ActiveCfg = Debug|Any CPU
		{0F9642A2-E2B5-435C-BBC8-7A5C6DDF33EA}.Debug|Any CPU.Build.0 = Debug|Any CPU
		{0F9642A2-E2B5-435C-BBC8-7A5C6DDF33EA}.Release|Any CPU.ActiveCfg = Release|Any CPU
		{0F9642A2-E2B5-435C-BBC8-7A5C6DDF33EA}.Release|Any CPU.Build.0 = Release|Any CPU
		{7A694DF3-4B03-43E6-B137-CDF9689F1839}.Debug|Any CPU.ActiveCfg = Debug|Any CPU
		{7A694DF3-4B03-43E6-B137-CDF9689F1839}.Debug|Any CPU.Build.0 = Debug|Any CPU
		{7A694DF3-4B03-43E6-B137-CDF9689F1839}.Release|Any CPU.ActiveCfg = Release|Any CPU
		{7A694DF3-4B03-43E6-B137-CDF9689F1839}.Release|Any CPU.Build.0 = Release|Any CPU
		{3FCAC598-ED96-49A0-BCE0-66FA8080865F}.Debug|Any CPU.ActiveCfg = Debug|Any CPU
		{3FCAC598-ED96-49A0-BCE0-66FA8080865F}.Debug|Any CPU.Build.0 = Debug|Any CPU
		{3FCAC598-ED96-49A0-BCE0-66FA8080865F}.Release|Any CPU.ActiveCfg = Release|Any CPU
		{3FCAC598-ED96-49A0-BCE0-66FA8080865F}.Release|Any CPU.Build.0 = Release|Any CPU
		{F30DE224-A881-49AE-8774-9F9D41DA5689}.Debug|Any CPU.ActiveCfg = Debug|Any CPU
		{F30DE224-A881-49AE-8774-9F9D41DA5689}.Debug|Any CPU.Build.0 = Debug|Any CPU
		{F30DE224-A881-49AE-8774-9F9D41DA5689}.Release|Any CPU.ActiveCfg = Release|Any CPU
		{F30DE224-A881-49AE-8774-9F9D41DA5689}.Release|Any CPU.Build.0 = Release|Any CPU
	EndGlobalSection
	GlobalSection(SolutionProperties) = preSolution
		HideSolutionNode = FALSE
	EndGlobalSection
	GlobalSection(ExtensibilityGlobals) = postSolution
		SolutionGuid = {D98BC403-210B-4239-90BC-9E29FE3311E3}
	EndGlobalSection
EndGlobal
